
Microsoft Visual Studio Solution File, Format Version 12.00
# Visual Studio Version 17
VisualStudioVersion = 17.6.33723.286
MinimumVisualStudioVersion = 10.0.40219.1
Project("{F184B08F-C81C-45F6-A57F-5ABD9991F28F}") = "ComisionesVentas", "Comisiones (Labo 1)- Alex Rivas\ComisionesVentas.vbproj", "{6BA5FD5B-E15B-4B96-A1B0-5FD22930BBEF}"
EndProject
Project("{F184B08F-C81C-45F6-A57F-5ABD9991F28F}") = "FormComisiones", "FormComisiones\FormComisiones.vbproj", "{1FE2C323-321C-4144-AE44-C50A2D35B039}"
EndProject
Project("{F184B08F-C81C-45F6-A57F-5ABD9991F28F}") = "ConsoleComisiones", "ConsoleComisiones\ConsoleComisiones.vbproj", "{60CF9A74-5832-45F4-A7F2-81A913A7F6A8}"
EndProject
Project("{F184B08F-C81C-45F6-A57F-5ABD9991F28F}") = "WebAppComisiones", "WebAppComisiones\WebAppComisiones.vbproj", "{B5F23FCF-8477-44D0-A690-917B574573C3}"
EndProject
Project("{F184B08F-C81C-45F6-A57F-5ABD9991F28F}") = "CuotaAnual", "CuotaAnual\CuotaAnual.vbproj", "{92402071-BC96-4BDB-B22C-7BF2DB1B9B84}"
EndProject
Project("{F184B08F-C81C-45F6-A57F-5ABD9991F28F}") = "WebCuotaAnual", "WebCuotaAnual\WebCuotaAnual.vbproj", "{FB8A3A25-CF74-4526-992F-83B8147FA9D1}"
EndProject
Project("{F184B08F-C81C-45F6-A57F-5ABD9991F28F}") = "FormCuota", "FormCuota\FormCuota.vbproj", "{D85D216F-A888-4A13-9865-684BC13F9752}"
EndProject
Project("{F184B08F-C81C-45F6-A57F-5ABD9991F28F}") = "ConsoleCuota", "ConsoleCuota\ConsoleCuota.vbproj", "{EED21690-49FB-4656-8ADD-E7ACF6C980CE}"
EndProject
Global
	GlobalSection(SolutionConfigurationPlatforms) = preSolution
		Debug|Any CPU = Debug|Any CPU
		Release|Any CPU = Release|Any CPU
	EndGlobalSection
	GlobalSection(ProjectConfigurationPlatforms) = postSolution
		{6BA5FD5B-E15B-4B96-A1B0-5FD22930BBEF}.Debug|Any CPU.ActiveCfg = Debug|Any CPU
		{6BA5FD5B-E15B-4B96-A1B0-5FD22930BBEF}.Debug|Any CPU.Build.0 = Debug|Any CPU
		{6BA5FD5B-E15B-4B96-A1B0-5FD22930BBEF}.Release|Any CPU.ActiveCfg = Release|Any CPU
		{6BA5FD5B-E15B-4B96-A1B0-5FD22930BBEF}.Release|Any CPU.Build.0 = Release|Any CPU
		{1FE2C323-321C-4144-AE44-C50A2D35B039}.Debug|Any CPU.ActiveCfg = Debug|Any CPU
		{1FE2C323-321C-4144-AE44-C50A2D35B039}.Debug|Any CPU.Build.0 = Debug|Any CPU
		{1FE2C323-321C-4144-AE44-C50A2D35B039}.Release|Any CPU.ActiveCfg = Release|Any CPU
		{1FE2C323-321C-4144-AE44-C50A2D35B039}.Release|Any CPU.Build.0 = Release|Any CPU
		{60CF9A74-5832-45F4-A7F2-81A913A7F6A8}.Debug|Any CPU.ActiveCfg = Debug|Any CPU
		{60CF9A74-5832-45F4-A7F2-81A913A7F6A8}.Debug|Any CPU.Build.0 = Debug|Any CPU
		{60CF9A74-5832-45F4-A7F2-81A913A7F6A8}.Release|Any CPU.ActiveCfg = Release|Any CPU
		{60CF9A74-5832-45F4-A7F2-81A913A7F6A8}.Release|Any CPU.Build.0 = Release|Any CPU
		{B5F23FCF-8477-44D0-A690-917B574573C3}.Debug|Any CPU.ActiveCfg = Debug|Any CPU
		{B5F23FCF-8477-44D0-A690-917B574573C3}.Debug|Any CPU.Build.0 = Debug|Any CPU
		{B5F23FCF-8477-44D0-A690-917B574573C3}.Release|Any CPU.ActiveCfg = Release|Any CPU
		{B5F23FCF-8477-44D0-A690-917B574573C3}.Release|Any CPU.Build.0 = Release|Any CPU
		{92402071-BC96-4BDB-B22C-7BF2DB1B9B84}.Debug|Any CPU.ActiveCfg = Debug|Any CPU
		{92402071-BC96-4BDB-B22C-7BF2DB1B9B84}.Debug|Any CPU.Build.0 = Debug|Any CPU
		{92402071-BC96-4BDB-B22C-7BF2DB1B9B84}.Release|Any CPU.ActiveCfg = Release|Any CPU
		{92402071-BC96-4BDB-B22C-7BF2DB1B9B84}.Release|Any CPU.Build.0 = Release|Any CPU
		{FB8A3A25-CF74-4526-992F-83B8147FA9D1}.Debug|Any CPU.ActiveCfg = Debug|Any CPU
		{FB8A3A25-CF74-4526-992F-83B8147FA9D1}.Debug|Any CPU.Build.0 = Debug|Any CPU
		{FB8A3A25-CF74-4526-992F-83B8147FA9D1}.Release|Any CPU.ActiveCfg = Release|Any CPU
		{FB8A3A25-CF74-4526-992F-83B8147FA9D1}.Release|Any CPU.Build.0 = Release|Any CPU
		{D85D216F-A888-4A13-9865-684BC13F9752}.Debug|Any CPU.ActiveCfg = Debug|Any CPU
		{D85D216F-A888-4A13-9865-684BC13F9752}.Debug|Any CPU.Build.0 = Debug|Any CPU
		{D85D216F-A888-4A13-9865-684BC13F9752}.Release|Any CPU.ActiveCfg = Release|Any CPU
		{D85D216F-A888-4A13-9865-684BC13F9752}.Release|Any CPU.Build.0 = Release|Any CPU
		{EED21690-49FB-4656-8ADD-E7ACF6C980CE}.Debug|Any CPU.ActiveCfg = Debug|Any CPU
		{EED21690-49FB-4656-8ADD-E7ACF6C980CE}.Debug|Any CPU.Build.0 = Debug|Any CPU
		{EED21690-49FB-4656-8ADD-E7ACF6C980CE}.Release|Any CPU.ActiveCfg = Release|Any CPU
		{EED21690-49FB-4656-8ADD-E7ACF6C980CE}.Release|Any CPU.Build.0 = Release|Any CPU
	EndGlobalSection
	GlobalSection(SolutionProperties) = preSolution
		HideSolutionNode = FALSE
	EndGlobalSection
	GlobalSection(ExtensibilityGlobals) = postSolution
		SolutionGuid = {A1EFA2D2-B807-4A5E-9202-31DB63255708}
	EndGlobalSection
EndGlobal
